
Microsoft Visual Studio Solution File, Format Version 12.00
# Visual Studio Version 17
VisualStudioVersion = 17.7.34009.444
MinimumVisualStudioVersion = 10.0.40219.1
Project("{FAE04EC0-301F-11D3-BF4B-00C04F79EFBC}") = "TranslateGPT", "TranslateGPT\TranslateGPT.csproj", "{5A4BF609-238A-4F44-BA09-96A4B48F0C85}"
EndProject
Global
	GlobalSection(SolutionConfigurationPlatforms) = preSolution
		Debug|Any CPU = Debug|Any CPU
		Release|Any CPU = Release|Any CPU
	EndGlobalSection
	GlobalSection(ProjectConfigurationPlatforms) = postSolution
		{5A4BF609-238A-4F44-BA09-96A4B48F0C85}.Debug|Any CPU.ActiveCfg = Debug|Any CPU
		{5A4BF609-238A-4F44-BA09-96A4B48F0C85}.Debug|Any CPU.Build.0 = Debug|Any CPU
		{5A4BF609-238A-4F44-BA09-96A4B48F0C85}.Release|Any CPU.ActiveCfg = Release|Any CPU
		{5A4BF609-238A-4F44-BA09-96A4B48F0C85}.Release|Any CPU.Build.0 = Release|Any CPU
	EndGlobalSection
	GlobalSection(SolutionProperties) = preSolution
		HideSolutionNode = FALSE
	EndGlobalSection
	GlobalSection(ExtensibilityGlobals) = postSolution
		SolutionGuid = {AA1183BC-DB7D-4210-8544-C517C200871A}
	EndGlobalSection
EndGlobal
